
Microsoft Visual Studio Solution File, Format Version 12.00
# Visual Studio Version 17
VisualStudioVersion = 17.3.32929.385
MinimumVisualStudioVersion = 10.0.40219.1
Project("{FAE04EC0-301F-11D3-BF4B-00C04F79EFBC}") = "JMML_1308819", "JMML_1308819\JMML_1308819.csproj", "{9643390B-26C0-458D-8713-ECBFB3E0235C}"
EndProject
Global
	GlobalSection(SolutionConfigurationPlatforms) = preSolution
		Debug|Any CPU = Debug|Any CPU
		Release|Any CPU = Release|Any CPU
	EndGlobalSection
	GlobalSection(ProjectConfigurationPlatforms) = postSolution
		{9643390B-26C0-458D-8713-ECBFB3E0235C}.Debug|Any CPU.ActiveCfg = Debug|Any CPU
		{9643390B-26C0-458D-8713-ECBFB3E0235C}.Debug|Any CPU.Build.0 = Debug|Any CPU
		{9643390B-26C0-458D-8713-ECBFB3E0235C}.Release|Any CPU.ActiveCfg = Release|Any CPU
		{9643390B-26C0-458D-8713-ECBFB3E0235C}.Release|Any CPU.Build.0 = Release|Any CPU
	EndGlobalSection
	GlobalSection(SolutionProperties) = preSolution
		HideSolutionNode = FALSE
	EndGlobalSection
	GlobalSection(ExtensibilityGlobals) = postSolution
		SolutionGuid = {E4EABDB4-DEA8-4FB9-B7CA-38A156258CDD}
	EndGlobalSection
EndGlobal
