
Microsoft Visual Studio Solution File, Format Version 12.00
# Visual Studio Version 17
VisualStudioVersion = 17.3.32922.545
MinimumVisualStudioVersion = 10.0.40219.1
Project("{FAE04EC0-301F-11D3-BF4B-00C04F79EFBC}") = "S11_01_JMML_1308819", "S11_01_JMML_1308819\S11_01_JMML_1308819.csproj", "{91E6EF90-642B-4780-8C2F-DFEFC0B68BD9}"
EndProject
Global
	GlobalSection(SolutionConfigurationPlatforms) = preSolution
		Debug|Any CPU = Debug|Any CPU
		Release|Any CPU = Release|Any CPU
	EndGlobalSection
	GlobalSection(ProjectConfigurationPlatforms) = postSolution
		{91E6EF90-642B-4780-8C2F-DFEFC0B68BD9}.Debug|Any CPU.ActiveCfg = Debug|Any CPU
		{91E6EF90-642B-4780-8C2F-DFEFC0B68BD9}.Debug|Any CPU.Build.0 = Debug|Any CPU
		{91E6EF90-642B-4780-8C2F-DFEFC0B68BD9}.Release|Any CPU.ActiveCfg = Release|Any CPU
		{91E6EF90-642B-4780-8C2F-DFEFC0B68BD9}.Release|Any CPU.Build.0 = Release|Any CPU
	EndGlobalSection
	GlobalSection(SolutionProperties) = preSolution
		HideSolutionNode = FALSE
	EndGlobalSection
	GlobalSection(ExtensibilityGlobals) = postSolution
		SolutionGuid = {0DA90180-CD22-44DB-924E-02AF4E458717}
	EndGlobalSection
EndGlobal
