
Microsoft Visual Studio Solution File, Format Version 12.00
# Visual Studio Version 17
VisualStudioVersion = 17.3.32929.385
MinimumVisualStudioVersion = 10.0.40219.1
Project("{FAE04EC0-301F-11D3-BF4B-00C04F79EFBC}") = "T12_JMML_1308819", "T12_JMML_1308819\T12_JMML_1308819.csproj", "{9F78F100-A017-4322-BB21-E896FC5AC0FB}"
EndProject
Global
	GlobalSection(SolutionConfigurationPlatforms) = preSolution
		Debug|Any CPU = Debug|Any CPU
		Release|Any CPU = Release|Any CPU
	EndGlobalSection
	GlobalSection(ProjectConfigurationPlatforms) = postSolution
		{9F78F100-A017-4322-BB21-E896FC5AC0FB}.Debug|Any CPU.ActiveCfg = Debug|Any CPU
		{9F78F100-A017-4322-BB21-E896FC5AC0FB}.Debug|Any CPU.Build.0 = Debug|Any CPU
		{9F78F100-A017-4322-BB21-E896FC5AC0FB}.Release|Any CPU.ActiveCfg = Release|Any CPU
		{9F78F100-A017-4322-BB21-E896FC5AC0FB}.Release|Any CPU.Build.0 = Release|Any CPU
	EndGlobalSection
	GlobalSection(SolutionProperties) = preSolution
		HideSolutionNode = FALSE
	EndGlobalSection
	GlobalSection(ExtensibilityGlobals) = postSolution
		SolutionGuid = {B04E9FBA-3783-4290-B7FB-F9FE1210062F}
	EndGlobalSection
EndGlobal
