
Microsoft Visual Studio Solution File, Format Version 12.00
# Visual Studio Version 17
VisualStudioVersion = 17.3.32922.545
MinimumVisualStudioVersion = 10.0.40219.1
Project("{FAE04EC0-301F-11D3-BF4B-00C04F79EFBC}") = "CaritaS9_JMML_1308819", "CaritaS9_JMML_1308819\CaritaS9_JMML_1308819.csproj", "{71F9B095-2431-41DB-B23F-8C3ACB2FABDA}"
EndProject
Global
	GlobalSection(SolutionConfigurationPlatforms) = preSolution
		Debug|Any CPU = Debug|Any CPU
		Release|Any CPU = Release|Any CPU
	EndGlobalSection
	GlobalSection(ProjectConfigurationPlatforms) = postSolution
		{71F9B095-2431-41DB-B23F-8C3ACB2FABDA}.Debug|Any CPU.ActiveCfg = Debug|Any CPU
		{71F9B095-2431-41DB-B23F-8C3ACB2FABDA}.Debug|Any CPU.Build.0 = Debug|Any CPU
		{71F9B095-2431-41DB-B23F-8C3ACB2FABDA}.Release|Any CPU.ActiveCfg = Release|Any CPU
		{71F9B095-2431-41DB-B23F-8C3ACB2FABDA}.Release|Any CPU.Build.0 = Release|Any CPU
	EndGlobalSection
	GlobalSection(SolutionProperties) = preSolution
		HideSolutionNode = FALSE
	EndGlobalSection
	GlobalSection(ExtensibilityGlobals) = postSolution
		SolutionGuid = {57FB2EE4-75DF-4D45-8B83-3CC8A3E8700C}
	EndGlobalSection
EndGlobal
