
Microsoft Visual Studio Solution File, Format Version 12.00
# Visual Studio Version 17
VisualStudioVersion = 17.3.32929.385
MinimumVisualStudioVersion = 10.0.40219.1
Project("{FAE04EC0-301F-11D3-BF4B-00C04F79EFBC}") = "T12_1308819_JMML", "T12_1308819_JMML\T12_1308819_JMML.csproj", "{5A400CEC-0F87-4271-8E2C-E28DD76A587E}"
EndProject
Global
	GlobalSection(SolutionConfigurationPlatforms) = preSolution
		Debug|Any CPU = Debug|Any CPU
		Release|Any CPU = Release|Any CPU
	EndGlobalSection
	GlobalSection(ProjectConfigurationPlatforms) = postSolution
		{5A400CEC-0F87-4271-8E2C-E28DD76A587E}.Debug|Any CPU.ActiveCfg = Debug|Any CPU
		{5A400CEC-0F87-4271-8E2C-E28DD76A587E}.Debug|Any CPU.Build.0 = Debug|Any CPU
		{5A400CEC-0F87-4271-8E2C-E28DD76A587E}.Release|Any CPU.ActiveCfg = Release|Any CPU
		{5A400CEC-0F87-4271-8E2C-E28DD76A587E}.Release|Any CPU.Build.0 = Release|Any CPU
	EndGlobalSection
	GlobalSection(SolutionProperties) = preSolution
		HideSolutionNode = FALSE
	EndGlobalSection
	GlobalSection(ExtensibilityGlobals) = postSolution
		SolutionGuid = {E7E84844-F5A9-442F-8FEF-3A0E1E490CD8}
	EndGlobalSection
EndGlobal
